PODS:
  - SDWebImage (5.9.0):
    - SDWebImage/Core (= 5.9.0)
  - SDWebImage/Core (5.9.0)

DEPENDENCIES:
  - SDWebImage (~> 5.0)

SPEC REPOS:
  trunk:
    - SDWebImage

SPEC CHECKSUMS:
  SDWebImage: 62ae4a18473520c67b79e9724c31a63599cc9423

PODFILE CHECKSUM: 284d45628942c033136049553ffa214e2fbed1e2

COCOAPODS: 1.9.3
